PODS:
  - ActionKit (1.0)
  - ImageSlideshow (0.5.0):
    - ImageSlideshow/Core (= 0.5.0)
  - ImageSlideshow/Core (0.5.0)
  - Realm (1.0.1):
    - Realm/Headers (= 1.0.1)
  - Realm/Headers (1.0.1)
  - RealmSwift (1.0.1):
    - Realm (= 1.0.1)

DEPENDENCIES:
  - ActionKit (~> 1.0)
  - ImageSlideshow (~> 0.5)
  - RealmSwift

SPEC CHECKSUMS:
  ActionKit: 6c45e3d92252dd34b18e7c3d8e9f811ee52558b1
  ImageSlideshow: b2662127d093a42d9595a6b40af2817d064df251
  Realm: 2e15e39d35b08abb529e212ed5d8af107b5236c8
  RealmSwift: d73ea2af08c3676dbdd5e4b669651a0f492162a4

COCOAPODS: 0.39.0
