// !$*UTF8*$!
{
	archiveVersion = 1;
	classes = {
	};
	objectVersion = 46;
	objects = {

/* Begin PBXBuildFile section */
		64A2DEE91461EF0A8E1E5B3C /* Pods_ClubfulIOS.framework in Frameworks */ = {isa = PBXBuildFile; fileRef = DE2CAE3BA3F8BF9D38F05FFD /* Pods_ClubfulIOS.framework */; };
		6E00E0D71D69068C009AB282 /* TabBar.swift in Sources */ = {isa = PBXBuildFile; fileRef = 6E00E0D61D69068C009AB282 /* TabBar.swift */; };
		6E00E16B1D695193009AB282 /* ExtType.swift in Sources */ = {isa = PBXBuildFile; fileRef = 6E00E16A1D695193009AB282 /* ExtType.swift */; };
		6E00E16D1D6951E5009AB282 /* String.swift in Sources */ = {isa = PBXBuildFile; fileRef = 6E00E16C1D6951E5009AB282 /* String.swift */; };
		6E00E16F1D695205009AB282 /* UIView.swift in Sources */ = {isa = PBXBuildFile; fileRef = 6E00E16E1D695205009AB282 /* UIView.swift */; };
		6E00E1711D695238009AB282 /* UIColor.swift in Sources */ = {isa = PBXBuildFile; fileRef = 6E00E1701D695238009AB282 /* UIColor.swift */; };
		6E00E1751D695271009AB282 /* UIFont.swift in Sources */ = {isa = PBXBuildFile; fileRef = 6E00E1741D695271009AB282 /* UIFont.swift */; };
		6E00E1771D6952B8009AB282 /* NSDate.swift in Sources */ = {isa = PBXBuildFile; fileRef = 6E00E1761D6952B8009AB282 /* NSDate.swift */; };
		6E00E1791D6952CD009AB282 /* UIScrollView.swift in Sources */ = {isa = PBXBuildFile; fileRef = 6E00E1781D6952CD009AB282 /* UIScrollView.swift */; };
		6E00E17B1D6952E2009AB282 /* UIImage.swift in Sources */ = {isa = PBXBuildFile; fileRef = 6E00E17A1D6952E2009AB282 /* UIImage.swift */; };
		6E00E1831D695D51009AB282 /* MainCenterView.xib in Resources */ = {isa = PBXBuildFile; fileRef = 6E00E1821D695D51009AB282 /* MainCenterView.xib */; };
		6E00E1861D695D6A009AB282 /* MainCenterView.swift in Sources */ = {isa = PBXBuildFile; fileRef = 6E00E1851D695D6A009AB282 /* MainCenterView.swift */; };
		6E2F08B31D6B091100222708 /* NonUserView.xib in Resources */ = {isa = PBXBuildFile; fileRef = 6E2F08B21D6B091100222708 /* NonUserView.xib */; };
		6E2F08B51D6B0B9900222708 /* NonUserView.swift in Sources */ = {isa = PBXBuildFile; fileRef = 6E2F08B41D6B0B9900222708 /* NonUserView.swift */; };
		6E2F08B71D6B0BEC00222708 /* MypageViewController.swift in Sources */ = {isa = PBXBuildFile; fileRef = 6E2F08B61D6B0BEC00222708 /* MypageViewController.swift */; };
		6E2F08B91D6B142D00222708 /* CourtCreateViewController.swift in Sources */ = {isa = PBXBuildFile; fileRef = 6E2F08B81D6B142D00222708 /* CourtCreateViewController.swift */; };
		6E2F08BB1D6B1AC700222708 /* UserConvertViewController.swift in Sources */ = {isa = PBXBuildFile; fileRef = 6E2F08BA1D6B1AC700222708 /* UserConvertViewController.swift */; };
		6E2F08BD1D6B1E6900222708 /* MessageViewController.swift in Sources */ = {isa = PBXBuildFile; fileRef = 6E2F08BC1D6B1E6900222708 /* MessageViewController.swift */; };
		6E2F952B1D69D501000976A7 /* NoticeViewController.swift in Sources */ = {isa = PBXBuildFile; fileRef = 6E2F952A1D69D501000976A7 /* NoticeViewController.swift */; };
		6E2F952D1D69D53A000976A7 /* InfoViewController.swift in Sources */ = {isa = PBXBuildFile; fileRef = 6E2F952C1D69D53A000976A7 /* InfoViewController.swift */; };
		6E2F952F1D69D556000976A7 /* GuideViewController.swift in Sources */ = {isa = PBXBuildFile; fileRef = 6E2F952E1D69D556000976A7 /* GuideViewController.swift */; };
		6E2F95311D69D575000976A7 /* InquiryViewController.swift in Sources */ = {isa = PBXBuildFile; fileRef = 6E2F95301D69D575000976A7 /* InquiryViewController.swift */; };
		6E2F95331D69D5A0000976A7 /* AppSettingViewController.swift in Sources */ = {isa = PBXBuildFile; fileRef = 6E2F95321D69D5A0000976A7 /* AppSettingViewController.swift */; };
		6E2F95361D69DD5A000976A7 /* LoginViewController.swift in Sources */ = {isa = PBXBuildFile; fileRef = 6E2F95351D69DD5A000976A7 /* LoginViewController.swift */; };
		6E2F95381D69DD8C000976A7 /* JoinViewController.swift in Sources */ = {isa = PBXBuildFile; fileRef = 6E2F95371D69DD8C000976A7 /* JoinViewController.swift */; };
		6E2F953A1D69DDA3000976A7 /* MapViewController.swift in Sources */ = {isa = PBXBuildFile; fileRef = 6E2F95391D69DDA3000976A7 /* MapViewController.swift */; };
		6E2F953C1D69DE30000976A7 /* UITextField.swift in Sources */ = {isa = PBXBuildFile; fileRef = 6E2F953B1D69DE30000976A7 /* UITextField.swift */; };
		6E2F95401D69F2BC000976A7 /* MapListView.xib in Resources */ = {isa = PBXBuildFile; fileRef = 6E2F953F1D69F2BC000976A7 /* MapListView.xib */; };
		6E2F95421D69F390000976A7 /* MapListView.swift in Sources */ = {isa = PBXBuildFile; fileRef = 6E2F95411D69F390000976A7 /* MapListView.swift */; };
		6E2F95441D69F440000976A7 /* MapListElementView.swift in Sources */ = {isa = PBXBuildFile; fileRef = 6E2F95431D69F440000976A7 /* MapListElementView.swift */; };
		6E2F95461D69F47F000976A7 /* MapListElementView.xib in Resources */ = {isa = PBXBuildFile; fileRef = 6E2F95451D69F47F000976A7 /* MapListElementView.xib */; };
		6E6E16481D7AFEEB00B0DEF1 /* AdobeCreativeSDKCore.framework in Frameworks */ = {isa = PBXBuildFile; fileRef = 6E6E16461D7AFEEB00B0DEF1 /* AdobeCreativeSDKCore.framework */; };
		6E6E164D1D7AFEFD00B0DEF1 /* AdobeCreativeSDKCoreResources.bundle in Resources */ = {isa = PBXBuildFile; fileRef = 6E6E164B1D7AFEFD00B0DEF1 /* AdobeCreativeSDKCoreResources.bundle */; };
		6E6E164E1D7AFEFD00B0DEF1 /* AdobeCreativeSDKImageResources.bundle in Resources */ = {isa = PBXBuildFile; fileRef = 6E6E164C1D7AFEFD00B0DEF1 /* AdobeCreativeSDKImageResources.bundle */; };
		6E6E16591D7AFF1B00B0DEF1 /* StoreKit.framework in Frameworks */ = {isa = PBXBuildFile; fileRef = 6E6E164F1D7AFF1B00B0DEF1 /* StoreKit.framework */; };
		6E6E165A1D7AFF1B00B0DEF1 /* QuartzCore.framework in Frameworks */ = {isa = PBXBuildFile; fileRef = 6E6E16501D7AFF1B00B0DEF1 /* QuartzCore.framework */; };
		6E6E165B1D7AFF1B00B0DEF1 /* OpenGLES.framework in Frameworks */ = {isa = PBXBuildFile; fileRef = 6E6E16511D7AFF1B00B0DEF1 /* OpenGLES.framework */; };
		6E6E165C1D7AFF1B00B0DEF1 /* MessageUI.framework in Frameworks */ = {isa = PBXBuildFile; fileRef = 6E6E16521D7AFF1B00B0DEF1 /* MessageUI.framework */; };
		6E6E165D1D7AFF1B00B0DEF1 /* libz.1.2.5.tbd in Frameworks */ = {isa = PBXBuildFile; fileRef = 6E6E16531D7AFF1B00B0DEF1 /* libz.1.2.5.tbd */; };
		6E6E165E1D7AFF1B00B0DEF1 /* libsqlite3.0.tbd in Frameworks */ = {isa = PBXBuildFile; fileRef = 6E6E16541D7AFF1B00B0DEF1 /* libsqlite3.0.tbd */; };
		6E6E165F1D7AFF1B00B0DEF1 /* CoreData.framework in Frameworks */ = {isa = PBXBuildFile; fileRef = 6E6E16551D7AFF1B00B0DEF1 /* CoreData.framework */; };
		6E6E16601D7AFF1B00B0DEF1 /* Accelerate.framework in Frameworks */ = {isa = PBXBuildFile; fileRef = 6E6E16561D7AFF1B00B0DEF1 /* Accelerate.framework */; };
		6E6E16611D7AFF1B00B0DEF1 /* MobileCoreServices.framework in Frameworks */ = {isa = PBXBuildFile; fileRef = 6E6E16571D7AFF1B00B0DEF1 /* MobileCoreServices.framework */; };
		6E6E16621D7AFF1B00B0DEF1 /* libc++.tbd in Frameworks */ = {isa = PBXBuildFile; fileRef = 6E6E16581D7AFF1B00B0DEF1 /* libc++.tbd */; };
		6E9CF38A1D6B2028004DC36A /* ic_back.png in Resources */ = {isa = PBXBuildFile; fileRef = 6E9CF3701D6B2028004DC36A /* ic_back.png */; };
		6E9CF38C1D6B2028004DC36A /* ic_edit.png in Resources */ = {isa = PBXBuildFile; fileRef = 6E9CF3721D6B2028004DC36A /* ic_edit.png */; };
		6E9CF38D1D6B2028004DC36A /* ic_enter.png in Resources */ = {isa = PBXBuildFile; fileRef = 6E9CF3731D6B2028004DC36A /* ic_enter.png */; };
		6E9CF38E1D6B2028004DC36A /* ic_image.png in Resources */ = {isa = PBXBuildFile; fileRef = 6E9CF3741D6B2028004DC36A /* ic_image.png */; };
		6E9CF38F1D6B2028004DC36A /* ic_kakaotalk.png in Resources */ = {isa = PBXBuildFile; fileRef = 6E9CF3751D6B2028004DC36A /* ic_kakaotalk.png */; };
		6E9CF3901D6B2028004DC36A /* ic_location.png in Resources */ = {isa = PBXBuildFile; fileRef = 6E9CF3761D6B2028004DC36A /* ic_location.png */; };
		6E9CF3911D6B2028004DC36A /* ic_message.png in Resources */ = {isa = PBXBuildFile; fileRef = 6E9CF3771D6B2028004DC36A /* ic_message.png */; };
		6E9CF3921D6B2028004DC36A /* ic_myLocation.png in Resources */ = {isa = PBXBuildFile; fileRef = 6E9CF3781D6B2028004DC36A /* ic_myLocation.png */; };
		6E9CF3931D6B2028004DC36A /* ic_right.png in Resources */ = {isa = PBXBuildFile; fileRef = 6E9CF3791D6B2028004DC36A /* ic_right.png */; };
		6E9CF3941D6B2028004DC36A /* ic_search_b.png in Resources */ = {isa = PBXBuildFile; fileRef = 6E9CF37A1D6B2028004DC36A /* ic_search_b.png */; };
		6E9CF3951D6B2028004DC36A /* ic_search.png in Resources */ = {isa = PBXBuildFile; fileRef = 6E9CF37B1D6B2028004DC36A /* ic_search.png */; };
		6E9CF3961D6B2028004DC36A /* ic_setting.png in Resources */ = {isa = PBXBuildFile; fileRef = 6E9CF37C1D6B2028004DC36A /* ic_setting.png */; };
		6E9CF3971D6B2028004DC36A /* ic_simplemap_w.png in Resources */ = {isa = PBXBuildFile; fileRef = 6E9CF37D1D6B2028004DC36A /* ic_simplemap_w.png */; };
		6E9CF3981D6B2028004DC36A /* ic_simplemap.png in Resources */ = {isa = PBXBuildFile; fileRef = 6E9CF37E1D6B2028004DC36A /* ic_simplemap.png */; };
		6E9CF3991D6B2028004DC36A /* ic_star_n.png in Resources */ = {isa = PBXBuildFile; fileRef = 6E9CF37F1D6B2028004DC36A /* ic_star_n.png */; };
		6E9CF39A1D6B2028004DC36A /* ic_star_s.png in Resources */ = {isa = PBXBuildFile; fileRef = 6E9CF3801D6B2028004DC36A /* ic_star_s.png */; };
		6E9CF39B1D6B2028004DC36A /* ic_tab_add_n.png in Resources */ = {isa = PBXBuildFile; fileRef = 6E9CF3811D6B2028004DC36A /* ic_tab_add_n.png */; };
		6E9CF39C1D6B2028004DC36A /* ic_tab_add_s.png in Resources */ = {isa = PBXBuildFile; fileRef = 6E9CF3821D6B2028004DC36A /* ic_tab_add_s.png */; };
		6E9CF39D1D6B2028004DC36A /* ic_tab_home_n.png in Resources */ = {isa = PBXBuildFile; fileRef = 6E9CF3831D6B2028004DC36A /* ic_tab_home_n.png */; };
		6E9CF39E1D6B2028004DC36A /* ic_tab_home_s.png in Resources */ = {isa = PBXBuildFile; fileRef = 6E9CF3841D6B2028004DC36A /* ic_tab_home_s.png */; };
		6E9CF39F1D6B2028004DC36A /* ic_tab_mypage_n.png in Resources */ = {isa = PBXBuildFile; fileRef = 6E9CF3851D6B2028004DC36A /* ic_tab_mypage_n.png */; };
		6E9CF3A01D6B2028004DC36A /* ic_tab_mypage_s.png in Resources */ = {isa = PBXBuildFile; fileRef = 6E9CF3861D6B2028004DC36A /* ic_tab_mypage_s.png */; };
		6E9CF3A11D6B2028004DC36A /* ic_tab_setting_n.png in Resources */ = {isa = PBXBuildFile; fileRef = 6E9CF3871D6B2028004DC36A /* ic_tab_setting_n.png */; };
		6E9CF3A21D6B2028004DC36A /* ic_tab_setting_s.png in Resources */ = {isa = PBXBuildFile; fileRef = 6E9CF3881D6B2028004DC36A /* ic_tab_setting_s.png */; };
		6ECEAF891D7C257A00F1551D /* GoogleService-Info.plist in Resources */ = {isa = PBXBuildFile; fileRef = 6ECEAF881D7C257A00F1551D /* GoogleService-Info.plist */; };
		6ECEAF8B1D7C292100F1551D /* AdobeCreativeSDKImage.framework in Frameworks */ = {isa = PBXBuildFile; fileRef = 6ECEAF8A1D7C292100F1551D /* AdobeCreativeSDKImage.framework */; };
		6EDA95211D55C85300E029C8 /* Main.storyboard in Resources */ = {isa = PBXBuildFile; fileRef = 6EDA951F1D55C85300E029C8 /* Main.storyboard */; };
		6EDA95231D55C85300E029C8 /* Assets.xcassets in Resources */ = {isa = PBXBuildFile; fileRef = 6EDA95221D55C85300E029C8 /* Assets.xcassets */; };
		6EDA95261D55C85300E029C8 /* LaunchScreen.storyboard in Resources */ = {isa = PBXBuildFile; fileRef = 6EDA95241D55C85300E029C8 /* LaunchScreen.storyboard */; };
		6EDA95311D55C85400E029C8 /* ClubfulIOSTests.swift in Sources */ = {isa = PBXBuildFile; fileRef = 6EDA95301D55C85400E029C8 /* ClubfulIOSTests.swift */; };
		6EDA953C1D55C85400E029C8 /* ClubfulIOSUITests.swift in Sources */ = {isa = PBXBuildFile; fileRef = 6EDA953B1D55C85400E029C8 /* ClubfulIOSUITests.swift */; };
		6EDA95A31D55CDE800E029C8 /* ViewController.swift in Sources */ = {isa = PBXBuildFile; fileRef = 6EDA95A21D55CDE800E029C8 /* ViewController.swift */; };
		6EDA95A81D55CDFF00E029C8 /* PhotoAlbumCustom.swift in Sources */ = {isa = PBXBuildFile; fileRef = 6EDA95A71D55CDFF00E029C8 /* PhotoAlbumCustom.swift */; };
		6EDA95AC1D55CE0F00E029C8 /* Util.swift in Sources */ = {isa = PBXBuildFile; fileRef = 6EDA95AB1D55CE0F00E029C8 /* Util.swift */; };
		6EDA95B01D55CE1B00E029C8 /* Storage.swift in Sources */ = {isa = PBXBuildFile; fileRef = 6EDA95AD1D55CE1B00E029C8 /* Storage.swift */; };
		6EDA95B11D55CE1B00E029C8 /* URL.swift in Sources */ = {isa = PBXBuildFile; fileRef = 6EDA95AE1D55CE1B00E029C8 /* URL.swift */; };
		6EDA95B21D55CE1B00E029C8 /* User.swift in Sources */ = {isa = PBXBuildFile; fileRef = 6EDA95AF1D55CE1B00E029C8 /* User.swift */; };
		6EDA95B41D55CE4A00E029C8 /* AppDelegate.swift in Sources */ = {isa = PBXBuildFile; fileRef = 6EDA95B31D55CE4A00E029C8 /* AppDelegate.swift */; };
		6EDA95B61D55CEA700E029C8 /* KakaoOpenSDK.framework in Frameworks */ = {isa = PBXBuildFile; fileRef = 6EDA95B51D55CEA700E029C8 /* KakaoOpenSDK.framework */; };
		6EE4F3771D696200008B43ED /* MainCourtSearchView.xib in Resources */ = {isa = PBXBuildFile; fileRef = 6EE4F3761D696200008B43ED /* MainCourtSearchView.xib */; };
		6EE4F3791D696240008B43ED /* MainCourtSearchView.swift in Sources */ = {isa = PBXBuildFile; fileRef = 6EE4F3781D696240008B43ED /* MainCourtSearchView.swift */; };
		6EE4F3811D6976D1008B43ED /* MainCenterElementView.xib in Resources */ = {isa = PBXBuildFile; fileRef = 6EE4F3801D6976D1008B43ED /* MainCenterElementView.xib */; };
		6EE4F3831D69772B008B43ED /* MainCenterElementView.swift in Sources */ = {isa = PBXBuildFile; fileRef = 6EE4F3821D69772B008B43ED /* MainCenterElementView.swift */; };
		6EE4F3851D697D4A008B43ED /* MainCourtSearchElementView.xib in Resources */ = {isa = PBXBuildFile; fileRef = 6EE4F3841D697D4A008B43ED /* MainCourtSearchElementView.xib */; };
		6EE4F3871D697ED8008B43ED /* MainCourtSearchElementView.swift in Sources */ = {isa = PBXBuildFile; fileRef = 6EE4F3861D697ED8008B43ED /* MainCourtSearchElementView.swift */; };
		6EE4F38B1D698946008B43ED /* temp.png in Resources */ = {isa = PBXBuildFile; fileRef = 6EE4F38A1D698946008B43ED /* temp.png */; };
		6EE4F38E1D698A5E008B43ED /* CourtViewController.swift in Sources */ = {isa = PBXBuildFile; fileRef = 6EE4F38D1D698A5E008B43ED /* CourtViewController.swift */; };
		6EF4AA1C1D69A6520040FE52 /* SettingViewController.swift in Sources */ = {isa = PBXBuildFile; fileRef = 6EF4AA1B1D69A6520040FE52 /* SettingViewController.swift */; };
/* End PBXBuildFile section */

/* Begin PBXContainerItemProxy section */
		6EDA952D1D55C85400E029C8 /* PBXContainerItemProxy */ = {
			isa = PBXContainerItemProxy;
			containerPortal = 6EDA95101D55C85300E029C8 /* Project object */;
			proxyType = 1;
			remoteGlobalIDString = 6EDA95171D55C85300E029C8;
			remoteInfo = ClubfulIOS;
		};
		6EDA95381D55C85400E029C8 /* PBXContainerItemProxy */ = {
			isa = PBXContainerItemProxy;
			containerPortal = 6EDA95101D55C85300E029C8 /* Project object */;
			proxyType = 1;
			remoteGlobalIDString = 6EDA95171D55C85300E029C8;
			remoteInfo = ClubfulIOS;
		};
/* End PBXContainerItemProxy section */

/* Begin PBXFileReference section */
		6E00E0D61D69068C009AB282 /* TabBar.swift */ = {isa = PBXFileReference; fileEncoding = 4; lastKnownFileType = sourcecode.swift; path = TabBar.swift; sourceTree = "<group>"; };
		6E00E16A1D695193009AB282 /* ExtType.swift */ = {isa = PBXFileReference; fileEncoding = 4; lastKnownFileType = sourcecode.swift; path = ExtType.swift; sourceTree = "<group>"; };
		6E00E16C1D6951E5009AB282 /* String.swift */ = {isa = PBXFileReference; fileEncoding = 4; lastKnownFileType = sourcecode.swift; path = String.swift; sourceTree = "<group>"; };
		6E00E16E1D695205009AB282 /* UIView.swift */ = {isa = PBXFileReference; fileEncoding = 4; lastKnownFileType = sourcecode.swift; path = UIView.swift; sourceTree = "<group>"; };
		6E00E1701D695238009AB282 /* UIColor.swift */ = {isa = PBXFileReference; fileEncoding = 4; lastKnownFileType = sourcecode.swift; path = UIColor.swift; sourceTree = "<group>"; };
		6E00E1741D695271009AB282 /* UIFont.swift */ = {isa = PBXFileReference; fileEncoding = 4; lastKnownFileType = sourcecode.swift; path = UIFont.swift; sourceTree = "<group>"; };
		6E00E1761D6952B8009AB282 /* NSDate.swift */ = {isa = PBXFileReference; fileEncoding = 4; lastKnownFileType = sourcecode.swift; path = NSDate.swift; sourceTree = "<group>"; };
		6E00E1781D6952CD009AB282 /* UIScrollView.swift */ = {isa = PBXFileReference; fileEncoding = 4; lastKnownFileType = sourcecode.swift; path = UIScrollView.swift; sourceTree = "<group>"; };
		6E00E17A1D6952E2009AB282 /* UIImage.swift */ = {isa = PBXFileReference; fileEncoding = 4; lastKnownFileType = sourcecode.swift; path = UIImage.swift; sourceTree = "<group>"; };
		6E00E1821D695D51009AB282 /* MainCenterView.xib */ = {isa = PBXFileReference; fileEncoding = 4; lastKnownFileType = file.xib; path = MainCenterView.xib; sourceTree = "<group>"; };
		6E00E1851D695D6A009AB282 /* MainCenterView.swift */ = {isa = PBXFileReference; fileEncoding = 4; lastKnownFileType = sourcecode.swift; path = MainCenterView.swift; sourceTree = "<group>"; };
		6E2F08B21D6B091100222708 /* NonUserView.xib */ = {isa = PBXFileReference; fileEncoding = 4; lastKnownFileType = file.xib; path = NonUserView.xib; sourceTree = "<group>"; };
		6E2F08B41D6B0B9900222708 /* NonUserView.swift */ = {isa = PBXFileReference; fileEncoding = 4; lastKnownFileType = sourcecode.swift; path = NonUserView.swift; sourceTree = "<group>"; };
		6E2F08B61D6B0BEC00222708 /* MypageViewController.swift */ = {isa = PBXFileReference; fileEncoding = 4; lastKnownFileType = sourcecode.swift; path = MypageViewController.swift; sourceTree = "<group>"; };
		6E2F08B81D6B142D00222708 /* CourtCreateViewController.swift */ = {isa = PBXFileReference; fileEncoding = 4; lastKnownFileType = sourcecode.swift; path = CourtCreateViewController.swift; sourceTree = "<group>"; };
		6E2F08BA1D6B1AC700222708 /* UserConvertViewController.swift */ = {isa = PBXFileReference; fileEncoding = 4; lastKnownFileType = sourcecode.swift; path = UserConvertViewController.swift; sourceTree = "<group>"; };
		6E2F08BC1D6B1E6900222708 /* MessageViewController.swift */ = {isa = PBXFileReference; fileEncoding = 4; lastKnownFileType = sourcecode.swift; path = MessageViewController.swift; sourceTree = "<group>"; };
		6E2F952A1D69D501000976A7 /* NoticeViewController.swift */ = {isa = PBXFileReference; fileEncoding = 4; lastKnownFileType = sourcecode.swift; path = NoticeViewController.swift; sourceTree = "<group>"; };
		6E2F952C1D69D53A000976A7 /* InfoViewController.swift */ = {isa = PBXFileReference; fileEncoding = 4; lastKnownFileType = sourcecode.swift; path = InfoViewController.swift; sourceTree = "<group>"; };
		6E2F952E1D69D556000976A7 /* GuideViewController.swift */ = {isa = PBXFileReference; fileEncoding = 4; lastKnownFileType = sourcecode.swift; path = GuideViewController.swift; sourceTree = "<group>"; };
		6E2F95301D69D575000976A7 /* InquiryViewController.swift */ = {isa = PBXFileReference; fileEncoding = 4; lastKnownFileType = sourcecode.swift; path = InquiryViewController.swift; sourceTree = "<group>"; };
		6E2F95321D69D5A0000976A7 /* AppSettingViewController.swift */ = {isa = PBXFileReference; fileEncoding = 4; lastKnownFileType = sourcecode.swift; path = AppSettingViewController.swift; sourceTree = "<group>"; };
		6E2F95351D69DD5A000976A7 /* LoginViewController.swift */ = {isa = PBXFileReference; fileEncoding = 4; lastKnownFileType = sourcecode.swift; path = LoginViewController.swift; sourceTree = "<group>"; };
		6E2F95371D69DD8C000976A7 /* JoinViewController.swift */ = {isa = PBXFileReference; fileEncoding = 4; lastKnownFileType = sourcecode.swift; path = JoinViewController.swift; sourceTree = "<group>"; };
		6E2F95391D69DDA3000976A7 /* MapViewController.swift */ = {isa = PBXFileReference; fileEncoding = 4; lastKnownFileType = sourcecode.swift; path = MapViewController.swift; sourceTree = "<group>"; };
		6E2F953B1D69DE30000976A7 /* UITextField.swift */ = {isa = PBXFileReference; fileEncoding = 4; lastKnownFileType = sourcecode.swift; path = UITextField.swift; sourceTree = "<group>"; };
		6E2F953F1D69F2BC000976A7 /* MapListView.xib */ = {isa = PBXFileReference; fileEncoding = 4; lastKnownFileType = file.xib; path = MapListView.xib; sourceTree = "<group>"; };
		6E2F95411D69F390000976A7 /* MapListView.swift */ = {isa = PBXFileReference; fileEncoding = 4; lastKnownFileType = sourcecode.swift; path = MapListView.swift; sourceTree = "<group>"; };
		6E2F95431D69F440000976A7 /* MapListElementView.swift */ = {isa = PBXFileReference; fileEncoding = 4; lastKnownFileType = sourcecode.swift; path = MapListElementView.swift; sourceTree = "<group>"; };
		6E2F95451D69F47F000976A7 /* MapListElementView.xib */ = {isa = PBXFileReference; fileEncoding = 4; lastKnownFileType = file.xib; path = MapListElementView.xib; sourceTree = "<group>"; };
		6E6E16461D7AFEEB00B0DEF1 /* AdobeCreativeSDKCore.framework */ = {isa = PBXFileReference; lastKnownFileType = wrapper.framework; path = AdobeCreativeSDKCore.framework; sourceTree = "<group>"; };
		6E6E164B1D7AFEFD00B0DEF1 /* AdobeCreativeSDKCoreResources.bundle */ = {isa = PBXFileReference; lastKnownFileType = "wrapper.plug-in"; path = AdobeCreativeSDKCoreResources.bundle; sourceTree = "<group>"; };
		6E6E164C1D7AFEFD00B0DEF1 /* AdobeCreativeSDKImageResources.bundle */ = {isa = PBXFileReference; lastKnownFileType = "wrapper.plug-in"; path = AdobeCreativeSDKImageResources.bundle; sourceTree = "<group>"; };
		6E6E164F1D7AFF1B00B0DEF1 /* StoreKit.framework */ = {isa = PBXFileReference; lastKnownFileType = wrapper.framework; name = StoreKit.framework; path = System/Library/Frameworks/StoreKit.framework; sourceTree = SDKROOT; };
		6E6E16501D7AFF1B00B0DEF1 /* QuartzCore.framework */ = {isa = PBXFileReference; lastKnownFileType = wrapper.framework; name = QuartzCore.framework; path = System/Library/Frameworks/QuartzCore.framework; sourceTree = SDKROOT; };
		6E6E16511D7AFF1B00B0DEF1 /* OpenGLES.framework */ = {isa = PBXFileReference; lastKnownFileType = wrapper.framework; name = OpenGLES.framework; path = System/Library/Frameworks/OpenGLES.framework; sourceTree = SDKROOT; };
		6E6E16521D7AFF1B00B0DEF1 /* MessageUI.framework */ = {isa = PBXFileReference; lastKnownFileType = wrapper.framework; name = MessageUI.framework; path = System/Library/Frameworks/MessageUI.framework; sourceTree = SDKROOT; };
		6E6E16531D7AFF1B00B0DEF1 /* libz.1.2.5.tbd */ = {isa = PBXFileReference; fileEncoding = 4; lastKnownFileType = "sourcecode.text-based-dylib-definition"; name = libz.1.2.5.tbd; path = usr/lib/libz.1.2.5.tbd; sourceTree = SDKROOT; };
		6E6E16541D7AFF1B00B0DEF1 /* libsqlite3.0.tbd */ = {isa = PBXFileReference; fileEncoding = 4; lastKnownFileType = "sourcecode.text-based-dylib-definition"; name = libsqlite3.0.tbd; path = usr/lib/libsqlite3.0.tbd; sourceTree = SDKROOT; };
		6E6E16551D7AFF1B00B0DEF1 /* CoreData.framework */ = {isa = PBXFileReference; lastKnownFileType = wrapper.framework; name = CoreData.framework; path = System/Library/Frameworks/CoreData.framework; sourceTree = SDKROOT; };
		6E6E16561D7AFF1B00B0DEF1 /* Accelerate.framework */ = {isa = PBXFileReference; lastKnownFileType = wrapper.framework; name = Accelerate.framework; path = System/Library/Frameworks/Accelerate.framework; sourceTree = SDKROOT; };
		6E6E16571D7AFF1B00B0DEF1 /* MobileCoreServices.framework */ = {isa = PBXFileReference; lastKnownFileType = wrapper.framework; name = MobileCoreServices.framework; path = System/Library/Frameworks/MobileCoreServices.framework; sourceTree = SDKROOT; };
		6E6E16581D7AFF1B00B0DEF1 /* libc++.tbd */ = {isa = PBXFileReference; fileEncoding = 4; lastKnownFileType = "sourcecode.text-based-dylib-definition"; name = "libc++.tbd"; path = "usr/lib/libc++.tbd"; sourceTree = SDKROOT; };
		6E9CF3701D6B2028004DC36A /* ic_back.png */ = {isa = PBXFileReference; lastKnownFileType = image.png; name = ic_back.png; path = resources/img/ic_back.png; sourceTree = "<group>"; };
		6E9CF3721D6B2028004DC36A /* ic_edit.png */ = {isa = PBXFileReference; lastKnownFileType = image.png; name = ic_edit.png; path = resources/img/ic_edit.png; sourceTree = "<group>"; };
		6E9CF3731D6B2028004DC36A /* ic_enter.png */ = {isa = PBXFileReference; lastKnownFileType = image.png; name = ic_enter.png; path = resources/img/ic_enter.png; sourceTree = "<group>"; };
		6E9CF3741D6B2028004DC36A /* ic_image.png */ = {isa = PBXFileReference; lastKnownFileType = image.png; name = ic_image.png; path = resources/img/ic_image.png; sourceTree = "<group>"; };
		6E9CF3751D6B2028004DC36A /* ic_kakaotalk.png */ = {isa = PBXFileReference; lastKnownFileType = image.png; name = ic_kakaotalk.png; path = resources/img/ic_kakaotalk.png; sourceTree = "<group>"; };
		6E9CF3761D6B2028004DC36A /* ic_location.png */ = {isa = PBXFileReference; lastKnownFileType = image.png; name = ic_location.png; path = resources/img/ic_location.png; sourceTree = "<group>"; };
		6E9CF3771D6B2028004DC36A /* ic_message.png */ = {isa = PBXFileReference; lastKnownFileType = image.png; name = ic_message.png; path = resources/img/ic_message.png; sourceTree = "<group>"; };
		6E9CF3781D6B2028004DC36A /* ic_myLocation.png */ = {isa = PBXFileReference; lastKnownFileType = image.png; name = ic_myLocation.png; path = resources/img/ic_myLocation.png; sourceTree = "<group>"; };
		6E9CF3791D6B2028004DC36A /* ic_right.png */ = {isa = PBXFileReference; lastKnownFileType = image.png; name = ic_right.png; path = resources/img/ic_right.png; sourceTree = "<group>"; };
		6E9CF37A1D6B2028004DC36A /* ic_search_b.png */ = {isa = PBXFileReference; lastKnownFileType = image.png; name = ic_search_b.png; path = resources/img/ic_search_b.png; sourceTree = "<group>"; };
		6E9CF37B1D6B2028004DC36A /* ic_search.png */ = {isa = PBXFileReference; lastKnownFileType = image.png; name = ic_search.png; path = resources/img/ic_search.png; sourceTree = "<group>"; };
		6E9CF37C1D6B2028004DC36A /* ic_setting.png */ = {isa = PBXFileReference; lastKnownFileType = image.png; name = ic_setting.png; path = resources/img/ic_setting.png; sourceTree = "<group>"; };
		6E9CF37D1D6B2028004DC36A /* ic_simplemap_w.png */ = {isa = PBXFileReference; lastKnownFileType = image.png; name = ic_simplemap_w.png; path = resources/img/ic_simplemap_w.png; sourceTree = "<group>"; };
		6E9CF37E1D6B2028004DC36A /* ic_simplemap.png */ = {isa = PBXFileReference; lastKnownFileType = image.png; name = ic_simplemap.png; path = resources/img/ic_simplemap.png; sourceTree = "<group>"; };
		6E9CF37F1D6B2028004DC36A /* ic_star_n.png */ = {isa = PBXFileReference; lastKnownFileType = image.png; name = ic_star_n.png; path = resources/img/ic_star_n.png; sourceTree = "<group>"; };
		6E9CF3801D6B2028004DC36A /* ic_star_s.png */ = {isa = PBXFileReference; lastKnownFileType = image.png; name = ic_star_s.png; path = resources/img/ic_star_s.png; sourceTree = "<group>"; };
		6E9CF3811D6B2028004DC36A /* ic_tab_add_n.png */ = {isa = PBXFileReference; lastKnownFileType = image.png; name = ic_tab_add_n.png; path = resources/img/ic_tab_add_n.png; sourceTree = "<group>"; };
		6E9CF3821D6B2028004DC36A /* ic_tab_add_s.png */ = {isa = PBXFileReference; lastKnownFileType = image.png; name = ic_tab_add_s.png; path = resources/img/ic_tab_add_s.png; sourceTree = "<group>"; };
		6E9CF3831D6B2028004DC36A /* ic_tab_home_n.png */ = {isa = PBXFileReference; lastKnownFileType = image.png; name = ic_tab_home_n.png; path = resources/img/ic_tab_home_n.png; sourceTree = "<group>"; };
		6E9CF3841D6B2028004DC36A /* ic_tab_home_s.png */ = {isa = PBXFileReference; lastKnownFileType = image.png; name = ic_tab_home_s.png; path = resources/img/ic_tab_home_s.png; sourceTree = "<group>"; };
		6E9CF3851D6B2028004DC36A /* ic_tab_mypage_n.png */ = {isa = PBXFileReference; lastKnownFileType = image.png; name = ic_tab_mypage_n.png; path = resources/img/ic_tab_mypage_n.png; sourceTree = "<group>"; };
		6E9CF3861D6B2028004DC36A /* ic_tab_mypage_s.png */ = {isa = PBXFileReference; lastKnownFileType = image.png; name = ic_tab_mypage_s.png; path = resources/img/ic_tab_mypage_s.png; sourceTree = "<group>"; };
		6E9CF3871D6B2028004DC36A /* ic_tab_setting_n.png */ = {isa = PBXFileReference; lastKnownFileType = image.png; name = ic_tab_setting_n.png; path = resources/img/ic_tab_setting_n.png; sourceTree = "<group>"; };
		6E9CF3881D6B2028004DC36A /* ic_tab_setting_s.png */ = {isa = PBXFileReference; lastKnownFileType = image.png; name = ic_tab_setting_s.png; path = resources/img/ic_tab_setting_s.png; sourceTree = "<group>"; };
		6ECEAF881D7C257A00F1551D /* GoogleService-Info.plist */ = {isa = PBXFileReference; fileEncoding = 4; lastKnownFileType = text.plist.xml; path = "GoogleService-Info.plist"; sourceTree = "<group>"; };
		6ECEAF8A1D7C292100F1551D /* AdobeCreativeSDKImage.framework */ = {isa = PBXFileReference; lastKnownFileType = wrapper.framework; path = AdobeCreativeSDKImage.framework; sourceTree = "<group>"; };
		6EDA95181D55C85300E029C8 /* ClubfulIOS.app */ = {isa = PBXFileReference; explicitFileType = wrapper.application; includeInIndex = 0; path = ClubfulIOS.app; sourceTree = BUILT_PRODUCTS_DIR; };
		6EDA95201D55C85300E029C8 /* Base */ = {isa = PBXFileReference; lastKnownFileType = file.storyboard; name = Base; path = Base.lproj/Main.storyboard; sourceTree = "<group>"; };
		6EDA95221D55C85300E029C8 /* Assets.xcassets */ = {isa = PBXFileReference; lastKnownFileType = folder.assetcatalog; path = Assets.xcassets; sourceTree = "<group>"; };
		6EDA95251D55C85300E029C8 /* Base */ = {isa = PBXFileReference; lastKnownFileType = file.storyboard; name = Base; path = Base.lproj/LaunchScreen.storyboard; sourceTree = "<group>"; };
		6EDA95271D55C85300E029C8 /* Info.plist */ = {isa = PBXFileReference; lastKnownFileType = text.plist.xml; path = Info.plist; sourceTree = "<group>"; };
		6EDA952C1D55C85400E029C8 /* ClubfulIOSTests.xctest */ = {isa = PBXFileReference; explicitFileType = wrapper.cfbundle; includeInIndex = 0; path = ClubfulIOSTests.xctest; sourceTree = BUILT_PRODUCTS_DIR; };
		6EDA95301D55C85400E029C8 /* ClubfulIOSTests.swift */ = {isa = PBXFileReference; lastKnownFileType = sourcecode.swift; path = ClubfulIOSTests.swift; sourceTree = "<group>"; };
		6EDA95321D55C85400E029C8 /* Info.plist */ = {isa = PBXFileReference; lastKnownFileType = text.plist.xml; path = Info.plist; sourceTree = "<group>"; };
		6EDA95371D55C85400E029C8 /* ClubfulIOSUITests.xctest */ = {isa = PBXFileReference; explicitFileType = wrapper.cfbundle; includeInIndex = 0; path = ClubfulIOSUITests.xctest; sourceTree = BUILT_PRODUCTS_DIR; };
		6EDA953B1D55C85400E029C8 /* ClubfulIOSUITests.swift */ = {isa = PBXFileReference; lastKnownFileType = sourcecode.swift; path = ClubfulIOSUITests.swift; sourceTree = "<group>"; };
		6EDA953D1D55C85400E029C8 /* Info.plist */ = {isa = PBXFileReference; lastKnownFileType = text.plist.xml; path = Info.plist; sourceTree = "<group>"; };
		6EDA95491D55CB8200E029C8 /* ClubfulIOS-Bridging-Header.h */ = {isa = PBXFileReference; lastKnownFileType = sourcecode.c.h; path = "ClubfulIOS-Bridging-Header.h"; sourceTree = "<group>"; };
		6EDA95A21D55CDE800E029C8 /* ViewController.swift */ = {isa = PBXFileReference; fileEncoding = 4; lastKnownFileType = sourcecode.swift; path = ViewController.swift; sourceTree = "<group>"; };
		6EDA95A71D55CDFF00E029C8 /* PhotoAlbumCustom.swift */ = {isa = PBXFileReference; fileEncoding = 4; lastKnownFileType = sourcecode.swift; path = PhotoAlbumCustom.swift; sourceTree = "<group>"; };
		6EDA95AB1D55CE0F00E029C8 /* Util.swift */ = {isa = PBXFileReference; fileEncoding = 4; lastKnownFileType = sourcecode.swift; path = Util.swift; sourceTree = "<group>"; };
		6EDA95AD1D55CE1B00E029C8 /* Storage.swift */ = {isa = PBXFileReference; fileEncoding = 4; lastKnownFileType = sourcecode.swift; path = Storage.swift; sourceTree = "<group>"; };
		6EDA95AE1D55CE1B00E029C8 /* URL.swift */ = {isa = PBXFileReference; fileEncoding = 4; lastKnownFileType = sourcecode.swift; path = URL.swift; sourceTree = "<group>"; };
		6EDA95AF1D55CE1B00E029C8 /* User.swift */ = {isa = PBXFileReference; fileEncoding = 4; lastKnownFileType = sourcecode.swift; path = User.swift; sourceTree = "<group>"; };
		6EDA95B31D55CE4A00E029C8 /* AppDelegate.swift */ = {isa = PBXFileReference; fileEncoding = 4; lastKnownFileType = sourcecode.swift; path = AppDelegate.swift; sourceTree = "<group>"; };
		6EDA95B51D55CEA700E029C8 /* KakaoOpenSDK.framework */ = {isa = PBXFileReference; lastKnownFileType = wrapper.framework; path = KakaoOpenSDK.framework; sourceTree = "<group>"; };
		6EE4F3761D696200008B43ED /* MainCourtSearchView.xib */ = {isa = PBXFileReference; fileEncoding = 4; lastKnownFileType = file.xib; path = MainCourtSearchView.xib; sourceTree = "<group>"; };
		6EE4F3781D696240008B43ED /* MainCourtSearchView.swift */ = {isa = PBXFileReference; fileEncoding = 4; lastKnownFileType = sourcecode.swift; path = MainCourtSearchView.swift; sourceTree = "<group>"; };
		6EE4F3801D6976D1008B43ED /* MainCenterElementView.xib */ = {isa = PBXFileReference; fileEncoding = 4; lastKnownFileType = file.xib; path = MainCenterElementView.xib; sourceTree = "<group>"; };
		6EE4F3821D69772B008B43ED /* MainCenterElementView.swift */ = {isa = PBXFileReference; fileEncoding = 4; lastKnownFileType = sourcecode.swift; path = MainCenterElementView.swift; sourceTree = "<group>"; };
		6EE4F3841D697D4A008B43ED /* MainCourtSearchElementView.xib */ = {isa = PBXFileReference; fileEncoding = 4; lastKnownFileType = file.xib; path = MainCourtSearchElementView.xib; sourceTree = "<group>"; };
		6EE4F3861D697ED8008B43ED /* MainCourtSearchElementView.swift */ = {isa = PBXFileReference; fileEncoding = 4; lastKnownFileType = sourcecode.swift; path = MainCourtSearchElementView.swift; sourceTree = "<group>"; };
		6EE4F38A1D698946008B43ED /* temp.png */ = {isa = PBXFileReference; lastKnownFileType = image.png; path = temp.png; sourceTree = "<group>"; };
		6EE4F38D1D698A5E008B43ED /* CourtViewController.swift */ = {isa = PBXFileReference; fileEncoding = 4; lastKnownFileType = sourcecode.swift; path = CourtViewController.swift; sourceTree = "<group>"; };
		6EF4AA1B1D69A6520040FE52 /* SettingViewController.swift */ = {isa = PBXFileReference; fileEncoding = 4; lastKnownFileType = sourcecode.swift; path = SettingViewController.swift; sourceTree = "<group>"; };
		B5F3C028185CBB0F65EC39EF /* Pods-ClubfulIOS.debug.xcconfig */ = {isa = PBXFileReference; includeInIndex = 1; lastKnownFileType = text.xcconfig; name = "Pods-ClubfulIOS.debug.xcconfig"; path = "Pods/Target Support Files/Pods-ClubfulIOS/Pods-ClubfulIOS.debug.xcconfig"; sourceTree = "<group>"; };
		C7A14839D31466A36B0FC0CD /* Pods-ClubfulIOS.release.xcconfig */ = {isa = PBXFileReference; includeInIndex = 1; lastKnownFileType = text.xcconfig; name = "Pods-ClubfulIOS.release.xcconfig"; path = "Pods/Target Support Files/Pods-ClubfulIOS/Pods-ClubfulIOS.release.xcconfig"; sourceTree = "<group>"; };
		DE2CAE3BA3F8BF9D38F05FFD /* Pods_ClubfulIOS.framework */ = {isa = PBXFileReference; explicitFileType = wrapper.framework; includeInIndex = 0; path = Pods_ClubfulIOS.framework; sourceTree = BUILT_PRODUCTS_DIR; };
/* End PBXFileReference section */

/* Begin PBXFrameworksBuildPhase section */
		6EDA95151D55C85300E029C8 /* Frameworks */ = {
			isa = PBXFrameworksBuildPhase;
			buildActionMask = 2147483647;
			files = (
				6E6E165B1D7AFF1B00B0DEF1 /* OpenGLES.framework in Frameworks */,
				6E6E16481D7AFEEB00B0DEF1 /* AdobeCreativeSDKCore.framework in Frameworks */,
				6E6E165C1D7AFF1B00B0DEF1 /* MessageUI.framework in Frameworks */,
				64A2DEE91461EF0A8E1E5B3C /* Pods_ClubfulIOS.framework in Frameworks */,
				6E6E165A1D7AFF1B00B0DEF1 /* QuartzCore.framework in Frameworks */,
				6E6E16591D7AFF1B00B0DEF1 /* StoreKit.framework in Frameworks */,
				6ECEAF8B1D7C292100F1551D /* AdobeCreativeSDKImage.framework in Frameworks */,
				6E6E165D1D7AFF1B00B0DEF1 /* libz.1.2.5.tbd in Frameworks */,
				6E6E16621D7AFF1B00B0DEF1 /* libc++.tbd in Frameworks */,
				6E6E16611D7AFF1B00B0DEF1 /* MobileCoreServices.framework in Frameworks */,
				6E6E165E1D7AFF1B00B0DEF1 /* libsqlite3.0.tbd in Frameworks */,
				6E6E16601D7AFF1B00B0DEF1 /* Accelerate.framework in Frameworks */,
				6E6E165F1D7AFF1B00B0DEF1 /* CoreData.framework in Frameworks */,
				6EDA95B61D55CEA700E029C8 /* KakaoOpenSDK.framework in Frameworks */,
			);
			runOnlyForDeploymentPostprocessing = 0;
		};
		6EDA95291D55C85400E029C8 /* Frameworks */ = {
			isa = PBXFrameworksBuildPhase;
			buildActionMask = 2147483647;
			files = (
			);
			runOnlyForDeploymentPostprocessing = 0;
		};
		6EDA95341D55C85400E029C8 /* Frameworks */ = {
			isa = PBXFrameworksBuildPhase;
			buildActionMask = 2147483647;
			files = (
			);
			runOnlyForDeploymentPostprocessing = 0;
		};
/* End PBXFrameworksBuildPhase section */

/* Begin PBXGroup section */
		6E00E1811D695D34009AB282 /* xib */ = {
			isa = PBXGroup;
			children = (
				6E00E1821D695D51009AB282 /* MainCenterView.xib */,
				6EE4F3801D6976D1008B43ED /* MainCenterElementView.xib */,
				6EE4F3761D696200008B43ED /* MainCourtSearchView.xib */,
				6EE4F3841D697D4A008B43ED /* MainCourtSearchElementView.xib */,
				6E2F953F1D69F2BC000976A7 /* MapListView.xib */,
				6E2F95451D69F47F000976A7 /* MapListElementView.xib */,
				6E2F08B21D6B091100222708 /* NonUserView.xib */,
			);
			name = xib;
			sourceTree = "<group>";
		};
		6E00E1841D695D5C009AB282 /* xib */ = {
			isa = PBXGroup;
			children = (
				6E00E1851D695D6A009AB282 /* MainCenterView.swift */,
				6EE4F3781D696240008B43ED /* MainCourtSearchView.swift */,
				6EE4F3821D69772B008B43ED /* MainCenterElementView.swift */,
				6EE4F3861D697ED8008B43ED /* MainCourtSearchElementView.swift */,
				6E2F95411D69F390000976A7 /* MapListView.swift */,
				6E2F95431D69F440000976A7 /* MapListElementView.swift */,
				6E2F08B41D6B0B9900222708 /* NonUserView.swift */,
			);
			name = xib;
			sourceTree = "<group>";
		};
		6E2F95341D69DD47000976A7 /* user */ = {
			isa = PBXGroup;
			children = (
				6E2F95351D69DD5A000976A7 /* LoginViewController.swift */,
				6E2F95371D69DD8C000976A7 /* JoinViewController.swift */,
				6E2F08B61D6B0BEC00222708 /* MypageViewController.swift */,
				6E2F08BA1D6B1AC700222708 /* UserConvertViewController.swift */,
				6E2F08BC1D6B1E6900222708 /* MessageViewController.swift */,
			);
			name = user;
			sourceTree = "<group>";
		};
		6E2F95471D69FAC3000976A7 /* common */ = {
			isa = PBXGroup;
			children = (
				6E2F95391D69DDA3000976A7 /* MapViewController.swift */,
			);
			name = common;
			sourceTree = "<group>";
		};
		6E6E164A1D7AFEF600B0DEF1 /* bundle */ = {
			isa = PBXGroup;
			children = (
				6E6E164B1D7AFEFD00B0DEF1 /* AdobeCreativeSDKCoreResources.bundle */,
				6E6E164C1D7AFEFD00B0DEF1 /* AdobeCreativeSDKImageResources.bundle */,
			);
			name = bundle;
			sourceTree = "<group>";
		};
		6EDA950F1D55C85300E029C8 = {
			isa = PBXGroup;
			children = (
				6EDA951A1D55C85300E029C8 /* ClubfulIOS */,
				6E6E164A1D7AFEF600B0DEF1 /* bundle */,
				6EDA952F1D55C85400E029C8 /* ClubfulIOSTests */,
				6EDA953A1D55C85400E029C8 /* ClubfulIOSUITests */,
				6EDA95191D55C85300E029C8 /* Products */,
				AD3D514FCFA42E2268137E65 /* Pods */,
				EB9E07981FDDFFC0ADCF8C47 /* Frameworks */,
			);
			sourceTree = "<group>";
		};
		6EDA95191D55C85300E029C8 /* Products */ = {
			isa = PBXGroup;
			children = (
				6EDA95181D55C85300E029C8 /* ClubfulIOS.app */,
				6EDA952C1D55C85400E029C8 /* ClubfulIOSTests.xctest */,
				6EDA95371D55C85400E029C8 /* ClubfulIOSUITests.xctest */,
			);
			name = Products;
			sourceTree = "<group>";
		};
		6EDA951A1D55C85300E029C8 /* ClubfulIOS */ = {
			isa = PBXGroup;
			children = (
				6EDA95B31D55CE4A00E029C8 /* AppDelegate.swift */,
				6E00E1811D695D34009AB282 /* xib */,
				6EDA95751D55CCD100E029C8 /* swift */,
				6EDA954D1D55CC7700E029C8 /* resources */,
				6EDA951F1D55C85300E029C8 /* Main.storyboard */,
				6EDA95221D55C85300E029C8 /* Assets.xcassets */,
				6EDA95241D55C85300E029C8 /* LaunchScreen.storyboard */,
				6EDA95271D55C85300E029C8 /* Info.plist */,
				6ECEAF881D7C257A00F1551D /* GoogleService-Info.plist */,
				6EDA95491D55CB8200E029C8 /* ClubfulIOS-Bridging-Header.h */,
			);
			path = ClubfulIOS;
			sourceTree = "<group>";
		};
		6EDA952F1D55C85400E029C8 /* ClubfulIOSTests */ = {
			isa = PBXGroup;
			children = (
				6EDA95301D55C85400E029C8 /* ClubfulIOSTests.swift */,
				6EDA95321D55C85400E029C8 /* Info.plist */,
			);
			path = ClubfulIOSTests;
			sourceTree = "<group>";
		};
		6EDA953A1D55C85400E029C8 /* ClubfulIOSUITests */ = {
			isa = PBXGroup;
			children = (
				6EDA953B1D55C85400E029C8 /* ClubfulIOSUITests.swift */,
				6EDA953D1D55C85400E029C8 /* Info.plist */,
			);
			path = ClubfulIOSUITests;
			sourceTree = "<group>";
		};
		6EDA954D1D55CC7700E029C8 /* resources */ = {
			isa = PBXGroup;
			children = (
				6EE4F38A1D698946008B43ED /* temp.png */,
				6EDA954E1D55CC8300E029C8 /* img */,
			);
			name = resources;
			sourceTree = "<group>";
		};
		6EDA954E1D55CC8300E029C8 /* img */ = {
			isa = PBXGroup;
			children = (
				6E9CF3701D6B2028004DC36A /* ic_back.png */,
				6E9CF3721D6B2028004DC36A /* ic_edit.png */,
				6E9CF3731D6B2028004DC36A /* ic_enter.png */,
				6E9CF3741D6B2028004DC36A /* ic_image.png */,
				6E9CF3751D6B2028004DC36A /* ic_kakaotalk.png */,
				6E9CF3761D6B2028004DC36A /* ic_location.png */,
				6E9CF3771D6B2028004DC36A /* ic_message.png */,
				6E9CF3781D6B2028004DC36A /* ic_myLocation.png */,
				6E9CF3791D6B2028004DC36A /* ic_right.png */,
				6E9CF37A1D6B2028004DC36A /* ic_search_b.png */,
				6E9CF37B1D6B2028004DC36A /* ic_search.png */,
				6E9CF37C1D6B2028004DC36A /* ic_setting.png */,
				6E9CF37D1D6B2028004DC36A /* ic_simplemap_w.png */,
				6E9CF37E1D6B2028004DC36A /* ic_simplemap.png */,
				6E9CF37F1D6B2028004DC36A /* ic_star_n.png */,
				6E9CF3801D6B2028004DC36A /* ic_star_s.png */,
				6E9CF3811D6B2028004DC36A /* ic_tab_add_n.png */,
				6E9CF3821D6B2028004DC36A /* ic_tab_add_s.png */,
				6E9CF3831D6B2028004DC36A /* ic_tab_home_n.png */,
				6E9CF3841D6B2028004DC36A /* ic_tab_home_s.png */,
				6E9CF3851D6B2028004DC36A /* ic_tab_mypage_n.png */,
				6E9CF3861D6B2028004DC36A /* ic_tab_mypage_s.png */,
				6E9CF3871D6B2028004DC36A /* ic_tab_setting_n.png */,
				6E9CF3881D6B2028004DC36A /* ic_tab_setting_s.png */,
			);
			name = img;
			sourceTree = "<group>";
		};
		6EDA95751D55CCD100E029C8 /* swift */ = {
			isa = PBXGroup;
			children = (
				6E2F95471D69FAC3000976A7 /* common */,
				6E2F95341D69DD47000976A7 /* user */,
				6EF4AA181D69A6010040FE52 /* setting */,
				6EE4F38C1D698A4D008B43ED /* court */,
				6EDA95791D55CCE900E029C8 /* main */,
				6EDA95781D55CCE500E029C8 /* utils */,
			);
			name = swift;
			sourceTree = "<group>";
		};
		6EDA95781D55CCE500E029C8 /* utils */ = {
			isa = PBXGroup;
			children = (
				6E00E1841D695D5C009AB282 /* xib */,
				6EDA95A61D55CDF500E029C8 /* custom */,
				6EDA95A51D55CDF100E029C8 /* util */,
				6EDA95A41D55CDEC00E029C8 /* save */,
			);
			name = utils;
			sourceTree = "<group>";
		};
		6EDA95791D55CCE900E029C8 /* main */ = {
			isa = PBXGroup;
			children = (
				6EDA95A21D55CDE800E029C8 /* ViewController.swift */,
			);
			name = main;
			sourceTree = "<group>";
		};
		6EDA95A41D55CDEC00E029C8 /* save */ = {
			isa = PBXGroup;
			children = (
				6EDA95AD1D55CE1B00E029C8 /* Storage.swift */,
				6EDA95AE1D55CE1B00E029C8 /* URL.swift */,
				6EDA95AF1D55CE1B00E029C8 /* User.swift */,
			);
			name = save;
			sourceTree = "<group>";
		};
		6EDA95A51D55CDF100E029C8 /* util */ = {
			isa = PBXGroup;
			children = (
				6EDA95AB1D55CE0F00E029C8 /* Util.swift */,
				6E00E16A1D695193009AB282 /* ExtType.swift */,
			);
			name = util;
			sourceTree = "<group>";
		};
		6EDA95A61D55CDF500E029C8 /* custom */ = {
			isa = PBXGroup;
			children = (
				6EDA95A71D55CDFF00E029C8 /* PhotoAlbumCustom.swift */,
				6E00E0D61D69068C009AB282 /* TabBar.swift */,
				6E00E16C1D6951E5009AB282 /* String.swift */,
				6E00E16E1D695205009AB282 /* UIView.swift */,
				6E00E1701D695238009AB282 /* UIColor.swift */,
				6E00E1741D695271009AB282 /* UIFont.swift */,
				6E00E1761D6952B8009AB282 /* NSDate.swift */,
				6E00E1781D6952CD009AB282 /* UIScrollView.swift */,
				6E00E17A1D6952E2009AB282 /* UIImage.swift */,
				6E2F953B1D69DE30000976A7 /* UITextField.swift */,
			);
			name = custom;
			sourceTree = "<group>";
		};
		6EE4F38C1D698A4D008B43ED /* court */ = {
			isa = PBXGroup;
			children = (
				6E2F08B81D6B142D00222708 /* CourtCreateViewController.swift */,
				6EE4F38D1D698A5E008B43ED /* CourtViewController.swift */,
			);
			name = court;
			sourceTree = "<group>";
		};
		6EF4AA181D69A6010040FE52 /* setting */ = {
			isa = PBXGroup;
			children = (
				6EF4AA1B1D69A6520040FE52 /* SettingViewController.swift */,
				6E2F952A1D69D501000976A7 /* NoticeViewController.swift */,
				6E2F952C1D69D53A000976A7 /* InfoViewController.swift */,
				6E2F952E1D69D556000976A7 /* GuideViewController.swift */,
				6E2F95301D69D575000976A7 /* InquiryViewController.swift */,
				6E2F95321D69D5A0000976A7 /* AppSettingViewController.swift */,
			);
			name = setting;
			sourceTree = "<group>";
		};
		AD3D514FCFA42E2268137E65 /* Pods */ = {
			isa = PBXGroup;
			children = (
				B5F3C028185CBB0F65EC39EF /* Pods-ClubfulIOS.debug.xcconfig */,
				C7A14839D31466A36B0FC0CD /* Pods-ClubfulIOS.release.xcconfig */,
			);
			name = Pods;
			sourceTree = "<group>";
		};
		EB9E07981FDDFFC0ADCF8C47 /* Frameworks */ = {
			isa = PBXGroup;
			children = (
				DE2CAE3BA3F8BF9D38F05FFD /* Pods_ClubfulIOS.framework */,
				6E6E164F1D7AFF1B00B0DEF1 /* StoreKit.framework */,
				6E6E16501D7AFF1B00B0DEF1 /* QuartzCore.framework */,
				6E6E16511D7AFF1B00B0DEF1 /* OpenGLES.framework */,
				6E6E16521D7AFF1B00B0DEF1 /* MessageUI.framework */,
				6E6E16531D7AFF1B00B0DEF1 /* libz.1.2.5.tbd */,
				6E6E16541D7AFF1B00B0DEF1 /* libsqlite3.0.tbd */,
				6E6E16551D7AFF1B00B0DEF1 /* CoreData.framework */,
				6E6E16561D7AFF1B00B0DEF1 /* Accelerate.framework */,
				6E6E16571D7AFF1B00B0DEF1 /* MobileCoreServices.framework */,
				6E6E16581D7AFF1B00B0DEF1 /* libc++.tbd */,
				6EDA95B51D55CEA700E029C8 /* KakaoOpenSDK.framework */,
				6ECEAF8A1D7C292100F1551D /* AdobeCreativeSDKImage.framework */,
				6E6E16461D7AFEEB00B0DEF1 /* AdobeCreativeSDKCore.framework */,
			);
			name = Frameworks;
			sourceTree = "<group>";
		};
/* End PBXGroup section */

/* Begin PBXNativeTarget section */
		6EDA95171D55C85300E029C8 /* ClubfulIOS */ = {
			isa = PBXNativeTarget;
			buildConfigurationList = 6EDA95401D55C85400E029C8 /* Build configuration list for PBXNativeTarget "ClubfulIOS" */;
			buildPhases = (
				548330DF535608971A8A729F /* Check Pods Manifest.lock */,
				6EDA95141D55C85300E029C8 /* Sources */,
				6EDA95151D55C85300E029C8 /* Frameworks */,
				6EDA95161D55C85300E029C8 /* Resources */,
				8155E0FB5C939F48791C3CE3 /* Embed Pods Frameworks */,
				B5B7E7F2E07814FE6AC3233A /* Copy Pods Resources */,
			);
			buildRules = (
			);
			dependencies = (
			);
			name = ClubfulIOS;
			productName = ClubfulIOS;
			productReference = 6EDA95181D55C85300E029C8 /* ClubfulIOS.app */;
			productType = "com.apple.product-type.application";
		};
		6EDA952B1D55C85400E029C8 /* ClubfulIOSTests */ = {
			isa = PBXNativeTarget;
			buildConfigurationList = 6EDA95431D55C85400E029C8 /* Build configuration list for PBXNativeTarget "ClubfulIOSTests" */;
			buildPhases = (
				6EDA95281D55C85400E029C8 /* Sources */,
				6EDA95291D55C85400E029C8 /* Frameworks */,
				6EDA952A1D55C85400E029C8 /* Resources */,
			);
			buildRules = (
			);
			dependencies = (
				6EDA952E1D55C85400E029C8 /* PBXTargetDependency */,
			);
			name = ClubfulIOSTests;
			productName = ClubfulIOSTests;
			productReference = 6EDA952C1D55C85400E029C8 /* ClubfulIOSTests.xctest */;
			productType = "com.apple.product-type.bundle.unit-test";
		};
		6EDA95361D55C85400E029C8 /* ClubfulIOSUITests */ = {
			isa = PBXNativeTarget;
			buildConfigurationList = 6EDA95461D55C85400E029C8 /* Build configuration list for PBXNativeTarget "ClubfulIOSUITests" */;
			buildPhases = (
				6EDA95331D55C85400E029C8 /* Sources */,
				6EDA95341D55C85400E029C8 /* Frameworks */,
				6EDA95351D55C85400E029C8 /* Resources */,
			);
			buildRules = (
			);
			dependencies = (
				6EDA95391D55C85400E029C8 /* PBXTargetDependency */,
			);
			name = ClubfulIOSUITests;
			productName = ClubfulIOSUITests;
			productReference = 6EDA95371D55C85400E029C8 /* ClubfulIOSUITests.xctest */;
			productType = "com.apple.product-type.bundle.ui-testing";
		};
/* End PBXNativeTarget section */

/* Begin PBXProject section */
		6EDA95101D55C85300E029C8 /* Project object */ = {
			isa = PBXProject;
			attributes = {
				LastSwiftUpdateCheck = 0730;
				LastUpgradeCheck = 0730;
				ORGANIZATIONNAME = guanho;
				TargetAttributes = {
					6EDA95171D55C85300E029C8 = {
						CreatedOnToolsVersion = 7.3.1;
						DevelopmentTeam = 8Z7ZELFAQU;
					};
					6EDA952B1D55C85400E029C8 = {
						CreatedOnToolsVersion = 7.3.1;
						DevelopmentTeam = 8Z7ZELFAQU;
						TestTargetID = 6EDA95171D55C85300E029C8;
					};
					6EDA95361D55C85400E029C8 = {
						CreatedOnToolsVersion = 7.3.1;
						DevelopmentTeam = 8Z7ZELFAQU;
						TestTargetID = 6EDA95171D55C85300E029C8;
					};
				};
			};
			buildConfigurationList = 6EDA95131D55C85300E029C8 /* Build configuration list for PBXProject "ClubfulIOS" */;
			compatibilityVersion = "Xcode 3.2";
			developmentRegion = English;
			hasScannedForEncodings = 0;
			knownRegions = (
				en,
				Base,
			);
			mainGroup = 6EDA950F1D55C85300E029C8;
			productRefGroup = 6EDA95191D55C85300E029C8 /* Products */;
			projectDirPath = "";
			projectRoot = "";
			targets = (
				6EDA95171D55C85300E029C8 /* ClubfulIOS */,
				6EDA952B1D55C85400E029C8 /* ClubfulIOSTests */,
				6EDA95361D55C85400E029C8 /* ClubfulIOSUITests */,
			);
		};
/* End PBXProject section */

/* Begin PBXResourcesBuildPhase section */
		6EDA95161D55C85300E029C8 /* Resources */ = {
			isa = PBXResourcesBuildPhase;
			buildActionMask = 2147483647;
			files = (
				6E9CF3971D6B2028004DC36A /* ic_simplemap_w.png in Resources */,
				6EE4F3811D6976D1008B43ED /* MainCenterElementView.xib in Resources */,
				6E9CF3951D6B2028004DC36A /* ic_search.png in Resources */,
				6E9CF39F1D6B2028004DC36A /* ic_tab_mypage_n.png in Resources */,
				6E9CF3961D6B2028004DC36A /* ic_setting.png in Resources */,
				6E00E1831D695D51009AB282 /* MainCenterView.xib in Resources */,
				6E9CF3931D6B2028004DC36A /* ic_right.png in Resources */,
				6E9CF3A01D6B2028004DC36A /* ic_tab_mypage_s.png in Resources */,
				6EDA95261D55C85300E029C8 /* LaunchScreen.storyboard in Resources */,
				6E9CF38F1D6B2028004DC36A /* ic_kakaotalk.png in Resources */,
				6E9CF38E1D6B2028004DC36A /* ic_image.png in Resources */,
				6ECEAF891D7C257A00F1551D /* GoogleService-Info.plist in Resources */,
				6E9CF39E1D6B2028004DC36A /* ic_tab_home_s.png in Resources */,
				6EDA95231D55C85300E029C8 /* Assets.xcassets in Resources */,
				6E9CF39B1D6B2028004DC36A /* ic_tab_add_n.png in Resources */,
				6EDA95211D55C85300E029C8 /* Main.storyboard in Resources */,
				6E9CF3901D6B2028004DC36A /* ic_location.png in Resources */,
				6E2F95401D69F2BC000976A7 /* MapListView.xib in Resources */,
				6EE4F38B1D698946008B43ED /* temp.png in Resources */,
				6E9CF3A11D6B2028004DC36A /* ic_tab_setting_n.png in Resources */,
				6E9CF39C1D6B2028004DC36A /* ic_tab_add_s.png in Resources */,
				6E9CF38D1D6B2028004DC36A /* ic_enter.png in Resources */,
				6EE4F3851D697D4A008B43ED /* MainCourtSearchElementView.xib in Resources */,
				6E9CF3911D6B2028004DC36A /* ic_message.png in Resources */,
				6E6E164E1D7AFEFD00B0DEF1 /* AdobeCreativeSDKImageResources.bundle in Resources */,
				6E2F08B31D6B091100222708 /* NonUserView.xib in Resources */,
				6E9CF3921D6B2028004DC36A /* ic_myLocation.png in Resources */,
				6E9CF3981D6B2028004DC36A /* ic_simplemap.png in Resources */,
				6E6E164D1D7AFEFD00B0DEF1 /* AdobeCreativeSDKCoreResources.bundle in Resources */,
				6E9CF3941D6B2028004DC36A /* ic_search_b.png in Resources */,
				6E9CF3991D6B2028004DC36A /* ic_star_n.png in Resources */,
				6E9CF39A1D6B2028004DC36A /* ic_star_s.png in Resources */,
				6E9CF38A1D6B2028004DC36A /* ic_back.png in Resources */,
				6E9CF39D1D6B2028004DC36A /* ic_tab_home_n.png in Resources */,
				6E9CF3A21D6B2028004DC36A /* ic_tab_setting_s.png in Resources */,
				6E2F95461D69F47F000976A7 /* MapListElementView.xib in Resources */,
				6E9CF38C1D6B2028004DC36A /* ic_edit.png in Resources */,
				6EE4F3771D696200008B43ED /* MainCourtSearchView.xib in Resources */,
			);
			runOnlyForDeploymentPostprocessing = 0;
		};
		6EDA952A1D55C85400E029C8 /* Resources */ = {
			isa = PBXResourcesBuildPhase;
			buildActionMask = 2147483647;
			files = (
			);
			runOnlyForDeploymentPostprocessing = 0;
		};
		6EDA95351D55C85400E029C8 /* Resources */ = {
			isa = PBXResourcesBuildPhase;
			buildActionMask = 2147483647;
			files = (
			);
			runOnlyForDeploymentPostprocessing = 0;
		};
/* End PBXResourcesBuildPhase section */

/* Begin PBXShellScriptBuildPhase section */
		548330DF535608971A8A729F /* Check Pods Manifest.lock */ = {
			isa = PBXShellScriptBuildPhase;
			buildActionMask = 2147483647;
			files = (
			);
			inputPaths = (
			);
			name = "Check Pods Manifest.lock";
			outputPaths = (
			);
			runOnlyForDeploymentPostprocessing = 0;
			shellPath = /bin/sh;
			shellScript = "diff \"${PODS_ROOT}/../Podfile.lock\" \"${PODS_ROOT}/Manifest.lock\" > /dev/null\nif [[ $? != 0 ]] ; then\n    cat << EOM\nerror: The sandbox is not in sync with the Podfile.lock. Run 'pod install' or update your CocoaPods installation.\nEOM\n    exit 1\nfi\n";
			showEnvVarsInLog = 0;
		};
		8155E0FB5C939F48791C3CE3 /* Embed Pods Frameworks */ = {
			isa = PBXShellScriptBuildPhase;
			buildActionMask = 2147483647;
			files = (
			);
			inputPaths = (
			);
			name = "Embed Pods Frameworks";
			outputPaths = (
			);
			runOnlyForDeploymentPostprocessing = 0;
			shellPath = /bin/sh;
			shellScript = "\"${SRCROOT}/Pods/Target Support Files/Pods-ClubfulIOS/Pods-ClubfulIOS-frameworks.sh\"\n";
			showEnvVarsInLog = 0;
		};
		B5B7E7F2E07814FE6AC3233A /* Copy Pods Resources */ = {
			isa = PBXShellScriptBuildPhase;
			buildActionMask = 2147483647;
			files = (
			);
			inputPaths = (
			);
			name = "Copy Pods Resources";
			outputPaths = (
			);
			runOnlyForDeploymentPostprocessing = 0;
			shellPath = /bin/sh;
			shellScript = "\"${SRCROOT}/Pods/Target Support Files/Pods-ClubfulIOS/Pods-ClubfulIOS-resources.sh\"\n";
			showEnvVarsInLog = 0;
		};
/* End PBXShellScriptBuildPhase section */

/* Begin PBXSourcesBuildPhase section */
		6EDA95141D55C85300E029C8 /* Sources */ = {
			isa = PBXSourcesBuildPhase;
			buildActionMask = 2147483647;
			files = (
				6E2F95361D69DD5A000976A7 /* LoginViewController.swift in Sources */,
				6E2F95421D69F390000976A7 /* MapListView.swift in Sources */,
				6E2F08B91D6B142D00222708 /* CourtCreateViewController.swift in Sources */,
				6E2F95311D69D575000976A7 /* InquiryViewController.swift in Sources */,
				6EE4F3831D69772B008B43ED /* MainCenterElementView.swift in Sources */,
				6EDA95B01D55CE1B00E029C8 /* Storage.swift in Sources */,
				6E00E1711D695238009AB282 /* UIColor.swift in Sources */,
				6EDA95B21D55CE1B00E029C8 /* User.swift in Sources */,
				6E2F95331D69D5A0000976A7 /* AppSettingViewController.swift in Sources */,
				6EE4F38E1D698A5E008B43ED /* CourtViewController.swift in Sources */,
				6EE4F3791D696240008B43ED /* MainCourtSearchView.swift in Sources */,
				6E00E16F1D695205009AB282 /* UIView.swift in Sources */,
				6E00E1771D6952B8009AB282 /* NSDate.swift in Sources */,
				6E00E1791D6952CD009AB282 /* UIScrollView.swift in Sources */,
				6E2F08BD1D6B1E6900222708 /* MessageViewController.swift in Sources */,
				6E00E17B1D6952E2009AB282 /* UIImage.swift in Sources */,
				6E00E16D1D6951E5009AB282 /* String.swift in Sources */,
				6E2F95441D69F440000976A7 /* MapListElementView.swift in Sources */,
				6E2F08BB1D6B1AC700222708 /* UserConvertViewController.swift in Sources */,
				6EDA95A81D55CDFF00E029C8 /* PhotoAlbumCustom.swift in Sources */,
				6E00E0D71D69068C009AB282 /* TabBar.swift in Sources */,
				6E2F953C1D69DE30000976A7 /* UITextField.swift in Sources */,
				6E2F952F1D69D556000976A7 /* GuideViewController.swift in Sources */,
				6EE4F3871D697ED8008B43ED /* MainCourtSearchElementView.swift in Sources */,
				6EDA95AC1D55CE0F00E029C8 /* Util.swift in Sources */,
				6E2F95381D69DD8C000976A7 /* JoinViewController.swift in Sources */,
				6E2F08B51D6B0B9900222708 /* NonUserView.swift in Sources */,
				6EDA95B11D55CE1B00E029C8 /* URL.swift in Sources */,
				6E00E1751D695271009AB282 /* UIFont.swift in Sources */,
				6EF4AA1C1D69A6520040FE52 /* SettingViewController.swift in Sources */,
				6E2F953A1D69DDA3000976A7 /* MapViewController.swift in Sources */,
				6E00E1861D695D6A009AB282 /* MainCenterView.swift in Sources */,
				6EDA95A31D55CDE800E029C8 /* ViewController.swift in Sources */,
				6E2F08B71D6B0BEC00222708 /* MypageViewController.swift in Sources */,
				6E2F952B1D69D501000976A7 /* NoticeViewController.swift in Sources */,
				6E00E16B1D695193009AB282 /* ExtType.swift in Sources */,
				6E2F952D1D69D53A000976A7 /* InfoViewController.swift in Sources */,
				6EDA95B41D55CE4A00E029C8 /* AppDelegate.swift in Sources */,
			);
			runOnlyForDeploymentPostprocessing = 0;
		};
		6EDA95281D55C85400E029C8 /* Sources */ = {
			isa = PBXSourcesBuildPhase;
			buildActionMask = 2147483647;
			files = (
				6EDA95311D55C85400E029C8 /* ClubfulIOSTests.swift in Sources */,
			);
			runOnlyForDeploymentPostprocessing = 0;
		};
		6EDA95331D55C85400E029C8 /* Sources */ = {
			isa = PBXSourcesBuildPhase;
			buildActionMask = 2147483647;
			files = (
				6EDA953C1D55C85400E029C8 /* ClubfulIOSUITests.swift in Sources */,
			);
			runOnlyForDeploymentPostprocessing = 0;
		};
/* End PBXSourcesBuildPhase section */

/* Begin PBXTargetDependency section */
		6EDA952E1D55C85400E029C8 /* PBXTargetDependency */ = {
			isa = PBXTargetDependency;
			target = 6EDA95171D55C85300E029C8 /* ClubfulIOS */;
			targetProxy = 6EDA952D1D55C85400E029C8 /* PBXContainerItemProxy */;
		};
		6EDA95391D55C85400E029C8 /* PBXTargetDependency */ = {
			isa = PBXTargetDependency;
			target = 6EDA95171D55C85300E029C8 /* ClubfulIOS */;
			targetProxy = 6EDA95381D55C85400E029C8 /* PBXContainerItemProxy */;
		};
/* End PBXTargetDependency section */

/* Begin PBXVariantGroup section */
		6EDA951F1D55C85300E029C8 /* Main.storyboard */ = {
			isa = PBXVariantGroup;
			children = (
				6EDA95201D55C85300E029C8 /* Base */,
			);
			name = Main.storyboard;
			sourceTree = "<group>";
		};
		6EDA95241D55C85300E029C8 /* LaunchScreen.storyboard */ = {
			isa = PBXVariantGroup;
			children = (
				6EDA95251D55C85300E029C8 /* Base */,
			);
			name = LaunchScreen.storyboard;
			sourceTree = "<group>";
		};
/* End PBXVariantGroup section */

/* Begin XCBuildConfiguration section */
		6EDA953E1D55C85400E029C8 /* Debug */ = {
			isa = XCBuildConfiguration;
			buildSettings = {
				ALWAYS_SEARCH_USER_PATHS = NO;
				CLANG_ANALYZER_NONNULL = YES;
				CLANG_CXX_LANGUAGE_STANDARD = "gnu++0x";
				CLANG_CXX_LIBRARY = "libc++";
				CLANG_ENABLE_MODULES = YES;
				CLANG_ENABLE_OBJC_ARC = YES;
				CLANG_WARN_BOOL_CONVERSION = YES;
				CLANG_WARN_CONSTANT_CONVERSION = YES;
				CLANG_WARN_DIRECT_OBJC_ISA_USAGE = YES_ERROR;
				CLANG_WARN_EMPTY_BODY = YES;
				CLANG_WARN_ENUM_CONVERSION = YES;
				CLANG_WARN_INT_CONVERSION = YES;
				CLANG_WARN_OBJC_ROOT_CLASS = YES_ERROR;
				CLANG_WARN_UNREACHABLE_CODE = YES;
				CLANG_WARN__DUPLICATE_METHOD_MATCH = YES;
				"CODE_SIGN_IDENTITY[sdk=iphoneos*]" = "iPhone Developer";
				COPY_PHASE_STRIP = NO;
				DEBUG_INFORMATION_FORMAT = dwarf;
				ENABLE_STRICT_OBJC_MSGSEND = YES;
				ENABLE_TESTABILITY = YES;
				GCC_C_LANGUAGE_STANDARD = gnu99;
				GCC_DYNAMIC_NO_PIC = NO;
				GCC_NO_COMMON_BLOCKS = YES;
				GCC_OPTIMIZATION_LEVEL = 0;
				GCC_PREPROCESSOR_DEFINITIONS = (
					"DEBUG=1",
					"$(inherited)",
				);
				GCC_WARN_64_TO_32_BIT_CONVERSION = YES;
				GCC_WARN_ABOUT_RETURN_TYPE = YES_ERROR;
				GCC_WARN_UNDECLARED_SELECTOR = YES;
				GCC_WARN_UNINITIALIZED_AUTOS = YES_AGGRESSIVE;
				GCC_WARN_UNUSED_FUNCTION = YES;
				GCC_WARN_UNUSED_VARIABLE = YES;
				IPHONEOS_DEPLOYMENT_TARGET = 9.3;
				MTL_ENABLE_DEBUG_INFO = YES;
				ONLY_ACTIVE_ARCH = YES;
				SDKROOT = iphoneos;
				SWIFT_OPTIMIZATION_LEVEL = "-Onone";
			};
			name = Debug;
		};
		6EDA953F1D55C85400E029C8 /* Release */ = {
			isa = XCBuildConfiguration;
			buildSettings = {
				ALWAYS_SEARCH_USER_PATHS = NO;
				CLANG_ANALYZER_NONNULL = YES;
				CLANG_CXX_LANGUAGE_STANDARD = "gnu++0x";
				CLANG_CXX_LIBRARY = "libc++";
				CLANG_ENABLE_MODULES = YES;
				CLANG_ENABLE_OBJC_ARC = YES;
				CLANG_WARN_BOOL_CONVERSION = YES;
				CLANG_WARN_CONSTANT_CONVERSION = YES;
				CLANG_WARN_DIRECT_OBJC_ISA_USAGE = YES_ERROR;
				CLANG_WARN_EMPTY_BODY = YES;
				CLANG_WARN_ENUM_CONVERSION = YES;
				CLANG_WARN_INT_CONVERSION = YES;
				CLANG_WARN_OBJC_ROOT_CLASS = YES_ERROR;
				CLANG_WARN_UNREACHABLE_CODE = YES;
				CLANG_WARN__DUPLICATE_METHOD_MATCH = YES;
				"CODE_SIGN_IDENTITY[sdk=iphoneos*]" = "iPhone Developer";
				COPY_PHASE_STRIP = NO;
				DEBUG_INFORMATION_FORMAT = "dwarf-with-dsym";
				ENABLE_NS_ASSERTIONS = NO;
				ENABLE_STRICT_OBJC_MSGSEND = YES;
				GCC_C_LANGUAGE_STANDARD = gnu99;
				GCC_NO_COMMON_BLOCKS = YES;
				GCC_WARN_64_TO_32_BIT_CONVERSION = YES;
				GCC_WARN_ABOUT_RETURN_TYPE = YES_ERROR;
				GCC_WARN_UNDECLARED_SELECTOR = YES;
				GCC_WARN_UNINITIALIZED_AUTOS = YES_AGGRESSIVE;
				GCC_WARN_UNUSED_FUNCTION = YES;
				GCC_WARN_UNUSED_VARIABLE = YES;
				IPHONEOS_DEPLOYMENT_TARGET = 9.3;
				MTL_ENABLE_DEBUG_INFO = NO;
				SDKROOT = iphoneos;
				VALIDATE_PRODUCT = YES;
			};
			name = Release;
		};
		6EDA95411D55C85400E029C8 /* Debug */ = {
			isa = XCBuildConfiguration;
			baseConfigurationReference = B5F3C028185CBB0F65EC39EF /* Pods-ClubfulIOS.debug.xcconfig */;
			buildSettings = {
				ASSETCATALOG_COMPILER_APPICON_NAME = AppIcon;
				CLANG_ENABLE_MODULES = YES;
				CODE_SIGN_IDENTITY = "iPhone Developer";
				"CODE_SIGN_IDENTITY[sdk=iphoneos*]" = "iPhone Developer";
				FRAMEWORK_SEARCH_PATHS = (
					"$(inherited)",
					"$(PROJECT_DIR)",
				);
				INFOPLIST_FILE = ClubfulIOS/Info.plist;
				LD_RUNPATH_SEARCH_PATHS = "$(inherited) @executable_path/Frameworks";
				OTHER_LDFLAGS = (
					"$(inherited)",
					"-ObjC",
					"-framework",
					"\"ActionKit\"",
					"-framework",
					"\"Alamofire\"",
					"-framework",
					"\"DLRadioButton\"",
					"-framework",
					"\"ImageSlideshow\"",
					"-framework",
					"\"Realm\"",
					"-framework",
					"\"RealmSwift\"",
					"-all_load",
				);
				PRODUCT_BUNDLE_IDENTIFIER = com.clubful.ClubfulIOS;
				PRODUCT_NAME = "$(TARGET_NAME)";
				PROVISIONING_PROFILE = "";
				SWIFT_OBJC_BRIDGING_HEADER = "ClubfulIOS/ClubfulIOS-Bridging-Header.h";
				SWIFT_OPTIMIZATION_LEVEL = "-Onone";
			};
			name = Debug;
		};
		6EDA95421D55C85400E029C8 /* Release */ = {
			isa = XCBuildConfiguration;
			baseConfigurationReference = C7A14839D31466A36B0FC0CD /* Pods-ClubfulIOS.release.xcconfig */;
			buildSettings = {
				ASSETCATALOG_COMPILER_APPICON_NAME = AppIcon;
				CLANG_ENABLE_MODULES = YES;
				CODE_SIGN_IDENTITY = "iPhone Developer";
				"CODE_SIGN_IDENTITY[sdk=iphoneos*]" = "iPhone Developer";
				FRAMEWORK_SEARCH_PATHS = (
					"$(inherited)",
					"$(PROJECT_DIR)",
				);
				INFOPLIST_FILE = ClubfulIOS/Info.plist;
				LD_RUNPATH_SEARCH_PATHS = "$(inherited) @executable_path/Frameworks";
				OTHER_LDFLAGS = (
					"$(inherited)",
					"-ObjC",
					"-framework",
					"\"ActionKit\"",
					"-framework",
					"\"Alamofire\"",
					"-framework",
					"\"DLRadioButton\"",
					"-framework",
					"\"ImageSlideshow\"",
					"-framework",
					"\"Realm\"",
					"-framework",
					"\"RealmSwift\"",
					"-all_load",
				);
				PRODUCT_BUNDLE_IDENTIFIER = com.clubful.ClubfulIOS;
				PRODUCT_NAME = "$(TARGET_NAME)";
				PROVISIONING_PROFILE = "";
				SWIFT_OBJC_BRIDGING_HEADER = "ClubfulIOS/ClubfulIOS-Bridging-Header.h";
			};
			name = Release;
		};
		6EDA95441D55C85400E029C8 /* Debug */ = {
			isa = XCBuildConfiguration;
			buildSettings = {
				BUNDLE_LOADER = "$(TEST_HOST)";
				INFOPLIST_FILE = ClubfulIOSTests/Info.plist;
				LD_RUNPATH_SEARCH_PATHS = "$(inherited) @executable_path/Frameworks @loader_path/Frameworks";
				PRODUCT_BUNDLE_IDENTIFIER = com.clubful.ClubfulIOSTests;
				PRODUCT_NAME = "$(TARGET_NAME)";
				TEST_HOST = "$(BUILT_PRODUCTS_DIR)/ClubfulIOS.app/ClubfulIOS";
			};
			name = Debug;
		};
		6EDA95451D55C85400E029C8 /* Release */ = {
			isa = XCBuildConfiguration;
			buildSettings = {
				BUNDLE_LOADER = "$(TEST_HOST)";
				INFOPLIST_FILE = ClubfulIOSTests/Info.plist;
				LD_RUNPATH_SEARCH_PATHS = "$(inherited) @executable_path/Frameworks @loader_path/Frameworks";
				PRODUCT_BUNDLE_IDENTIFIER = com.clubful.ClubfulIOSTests;
				PRODUCT_NAME = "$(TARGET_NAME)";
				TEST_HOST = "$(BUILT_PRODUCTS_DIR)/ClubfulIOS.app/ClubfulIOS";
			};
			name = Release;
		};
		6EDA95471D55C85400E029C8 /* Debug */ = {
			isa = XCBuildConfiguration;
			buildSettings = {
				INFOPLIST_FILE = ClubfulIOSUITests/Info.plist;
				LD_RUNPATH_SEARCH_PATHS = "$(inherited) @executable_path/Frameworks @loader_path/Frameworks";
				PRODUCT_BUNDLE_IDENTIFIER = com.clubful.ClubfulIOSUITests;
				PRODUCT_NAME = "$(TARGET_NAME)";
				TEST_TARGET_NAME = ClubfulIOS;
			};
			name = Debug;
		};
		6EDA95481D55C85400E029C8 /* Release */ = {
			isa = XCBuildConfiguration;
			buildSettings = {
				INFOPLIST_FILE = ClubfulIOSUITests/Info.plist;
				LD_RUNPATH_SEARCH_PATHS = "$(inherited) @executable_path/Frameworks @loader_path/Frameworks";
				PRODUCT_BUNDLE_IDENTIFIER = com.clubful.ClubfulIOSUITests;
				PRODUCT_NAME = "$(TARGET_NAME)";
				TEST_TARGET_NAME = ClubfulIOS;
			};
			name = Release;
		};
/* End XCBuildConfiguration section */

/* Begin XCConfigurationList section */
		6EDA95131D55C85300E029C8 /* Build configuration list for PBXProject "ClubfulIOS" */ = {
			isa = XCConfigurationList;
			buildConfigurations = (
				6EDA953E1D55C85400E029C8 /* Debug */,
				6EDA953F1D55C85400E029C8 /* Release */,
			);
			defaultConfigurationIsVisible = 0;
			defaultConfigurationName = Release;
		};
		6EDA95401D55C85400E029C8 /* Build configuration list for PBXNativeTarget "ClubfulIOS" */ = {
			isa = XCConfigurationList;
			buildConfigurations = (
				6EDA95411D55C85400E029C8 /* Debug */,
				6EDA95421D55C85400E029C8 /* Release */,
			);
			defaultConfigurationIsVisible = 0;
			defaultConfigurationName = Release;
		};
		6EDA95431D55C85400E029C8 /* Build configuration list for PBXNativeTarget "ClubfulIOSTests" */ = {
			isa = XCConfigurationList;
			buildConfigurations = (
				6EDA95441D55C85400E029C8 /* Debug */,
				6EDA95451D55C85400E029C8 /* Release */,
			);
			defaultConfigurationIsVisible = 0;
			defaultConfigurationName = Release;
		};
		6EDA95461D55C85400E029C8 /* Build configuration list for PBXNativeTarget "ClubfulIOSUITests" */ = {
			isa = XCConfigurationList;
			buildConfigurations = (
				6EDA95471D55C85400E029C8 /* Debug */,
				6EDA95481D55C85400E029C8 /* Release */,
			);
			defaultConfigurationIsVisible = 0;
			defaultConfigurationName = Release;
		};
/* End XCConfigurationList section */
	};
	rootObject = 6EDA95101D55C85300E029C8 /* Project object */;
}
